
Microsoft Visual Studio Solution File, Format Version 12.00
# Visual Studio Version 17
VisualStudioVersion = 17.3.32825.248
MinimumVisualStudioVersion = 10.0.40219.1
Project("{FAE04EC0-301F-11D3-BF4B-00C04F79EFBC}") = "Movie-Rating-System", "Movie-Rating-System.csproj", "{2DEDEAEE-DA75-4781-9728-E7EA4C53DBA9}"
EndProject
Global
	GlobalSection(SolutionConfigurationPlatforms) = preSolution
		Debug|Any CPU = Debug|Any CPU
		Release|Any CPU = Release|Any CPU
	EndGlobalSection
	GlobalSection(ProjectConfigurationPlatforms) = postSolution
		{2DEDEAEE-DA75-4781-9728-E7EA4C53DBA9}.Debug|Any CPU.ActiveCfg = Debug|Any CPU
		{2DEDEAEE-DA75-4781-9728-E7EA4C53DBA9}.Debug|Any CPU.Build.0 = Debug|Any CPU
		{2DEDEAEE-DA75-4781-9728-E7EA4C53DBA9}.Release|Any CPU.ActiveCfg = Release|Any CPU
		{2DEDEAEE-DA75-4781-9728-E7EA4C53DBA9}.Release|Any CPU.Build.0 = Release|Any CPU
	EndGlobalSection
	GlobalSection(SolutionProperties) = preSolution
		HideSolutionNode = FALSE
	EndGlobalSection
	GlobalSection(ExtensibilityGlobals) = postSolution
		SolutionGuid = {0756E034-BA45-4B79-BE27-1CE93A20FCBD}
	EndGlobalSection
EndGlobal
